Microsoft Visual Studio Solution File, Format Version 12.00
# Visual Studio 2012
Project("{FAE04EC0-301F-11D3-BF4B-00C04F79EFBC}") = "HTML5-CSS-Intro", "HTML5-CSS-Intro\HTML5-CSS-Intro.csproj", "{EEFB90B6-F01A-45F8-9CE8-5B4B8BF5F95B}"
EndProject
Global
	GlobalSection(SolutionConfigurationPlatforms) = preSolution
		Debug|Any CPU = Debug|Any CPU
		Release|Any CPU = Release|Any CPU
	EndGlobalSection
	GlobalSection(ProjectConfigurationPlatforms) = postSolution
		{EEFB90B6-F01A-45F8-9CE8-5B4B8BF5F95B}.Debug|Any CPU.ActiveCfg = Debug|Any CPU
		{EEFB90B6-F01A-45F8-9CE8-5B4B8BF5F95B}.Debug|Any CPU.Build.0 = Debug|Any CPU
		{EEFB90B6-F01A-45F8-9CE8-5B4B8BF5F95B}.Release|Any CPU.ActiveCfg = Release|Any CPU
		{EEFB90B6-F01A-45F8-9CE8-5B4B8BF5F95B}.Release|Any CPU.Build.0 = Release|Any CPU
	EndGlobalSection
	GlobalSection(SolutionProperties) = preSolution
		HideSolutionNode = FALSE
	EndGlobalSection
	GlobalSection(ExtensibilityGlobals) = postSolution
		VisualSVNWorkingCopyRoot = .
	EndGlobalSection
EndGlobal
